Microsoft Visual Studio Solution File, Format Version 11.00
# Visual Studio 2008

Project("{58D454E4-2FE5-EA53-DA6C-5B7BD574587F}") = "UntitledTwitterProject", "Assembly-CSharp-firstpass-vs.csproj", "{F4176FF2-ECA4-03FE-128A-AC00A18E891B}"
EndProject
Project("{58D454E4-2FE5-EA53-DA6C-5B7BD574587F}") = "UntitledTwitterProject", "Assembly-CSharp-vs.csproj", "{FA6436FA-592F-4EF0-D8B2-5680D40D55FD}"
EndProject
Project("{58D454E4-2FE5-EA53-DA6C-5B7BD574587F}") = "UntitledTwitterProject", "Assembly-CSharp-Editor-vs.csproj", "{9F582F5B-F62B-E246-0588-A09A2CA9B017}"
EndProject
Global
	GlobalSection(SolutionConfigurationPlatforms) = preSolution
		Debug|Any CPU = Debug|Any CPU
		Release|Any CPU = Release|Any CPU
	EndGlobalSection
	GlobalSection(ProjectConfigurationPlatforms) = postSolution
		{F4176FF2-ECA4-03FE-128A-AC00A18E891B}.Debug|Any CPU.ActiveCfg = Debug|Any CPU
		{F4176FF2-ECA4-03FE-128A-AC00A18E891B}.Debug|Any CPU.Build.0 = Debug|Any CPU
		{F4176FF2-ECA4-03FE-128A-AC00A18E891B}.Release|Any CPU.ActiveCfg = Release|Any CPU
		{F4176FF2-ECA4-03FE-128A-AC00A18E891B}.Release|Any CPU.Build.0 = Release|Any CPU
		{FA6436FA-592F-4EF0-D8B2-5680D40D55FD}.Debug|Any CPU.ActiveCfg = Debug|Any CPU
		{FA6436FA-592F-4EF0-D8B2-5680D40D55FD}.Debug|Any CPU.Build.0 = Debug|Any CPU
		{FA6436FA-592F-4EF0-D8B2-5680D40D55FD}.Release|Any CPU.ActiveCfg = Release|Any CPU
		{FA6436FA-592F-4EF0-D8B2-5680D40D55FD}.Release|Any CPU.Build.0 = Release|Any CPU
		{9F582F5B-F62B-E246-0588-A09A2CA9B017}.Debug|Any CPU.ActiveCfg = Debug|Any CPU
		{9F582F5B-F62B-E246-0588-A09A2CA9B017}.Debug|Any CPU.Build.0 = Debug|Any CPU
		{9F582F5B-F62B-E246-0588-A09A2CA9B017}.Release|Any CPU.ActiveCfg = Release|Any CPU
		{9F582F5B-F62B-E246-0588-A09A2CA9B017}.Release|Any CPU.Build.0 = Release|Any CPU
	EndGlobalSection
	GlobalSection(SolutionProperties) = preSolution
		HideSolutionNode = FALSE
	EndGlobalSection
				GlobalSection(MonoDevelopProperties) = preSolution
		StartupItem = Assembly-CSharp.csproj
		Policies = $0
		$0.TextStylePolicy = $1
		$1.inheritsSet = null
		$1.scope = text/x-csharp
		$0.CSharpFormattingPolicy = $2
		$2.inheritsSet = Mono
		$2.inheritsScope = text/x-csharp
		$2.scope = text/x-csharp
		$0.TextStylePolicy = $3
		$3.FileWidth = 120
		$3.TabWidth = 4
		$3.IndentWidth = 4
		$3.EolMarker = Unix
		$3.inheritsSet = Mono
		$3.inheritsScope = text/plain
		$3.scope = text/plain
	EndGlobalSection

EndGlobal
